{
  "requires": true,
  "lockfileVersion": 1,
  "dependencies": {
    "systemjs": {
      "version": "6.1.2",
      "resolved": "https://registry.npmjs.org/systemjs/-/systemjs-6.1.2.tgz",
      "integrity": "sha512-QN0E62xEGCjp4+Wwg5o50CgdlMkQdUkiw5rHKQNJ454iKJCsFmQjPBoCEs1xq8mM/J+eYtLkZS0JCcay/gaEFw=="
    }
  }
}
